
Microsoft Visual Studio Solution File, Format Version 12.00
# Visual Studio Version 16
VisualStudioVersion = 16.0.31729.503
MinimumVisualStudioVersion = 10.0.40219.1
Project("{9A19103F-16F7-4668-BE54-9A1E7A4F7556}") = "BMSAPI", "BMSAPI\BMSAPI.csproj", "{9FE963E9-8D4F-457C-A94D-13D0272E8D6B}"
EndProject
Project("{9A19103F-16F7-4668-BE54-9A1E7A4F7556}") = "BMSWPF", "BMSWPF\BMSWPF.csproj", "{44A9B4D2-6D23-4D52-9119-9ED018935FB1}"
EndProject
Project("{FAE04EC0-301F-11D3-BF4B-00C04F79EFBC}") = "BMSWPF1", "BMSWPF1\BMSWPF1.csproj", "{FB7C8B79-E3EE-4E5B-AC79-E3DF754CD562}"
EndProject
Global
	GlobalSection(SolutionConfigurationPlatforms) = preSolution
		Debug|Any CPU = Debug|Any CPU
		Release|Any CPU = Release|Any CPU
	EndGlobalSection
	GlobalSection(ProjectConfigurationPlatforms) = postSolution
		{9FE963E9-8D4F-457C-A94D-13D0272E8D6B}.Debug|Any CPU.ActiveCfg = Debug|Any CPU
		{9FE963E9-8D4F-457C-A94D-13D0272E8D6B}.Debug|Any CPU.Build.0 = Debug|Any CPU
		{9FE963E9-8D4F-457C-A94D-13D0272E8D6B}.Release|Any CPU.ActiveCfg = Release|Any CPU
		{9FE963E9-8D4F-457C-A94D-13D0272E8D6B}.Release|Any CPU.Build.0 = Release|Any CPU
		{44A9B4D2-6D23-4D52-9119-9ED018935FB1}.Debug|Any CPU.ActiveCfg = Debug|Any CPU
		{44A9B4D2-6D23-4D52-9119-9ED018935FB1}.Debug|Any CPU.Build.0 = Debug|Any CPU
		{44A9B4D2-6D23-4D52-9119-9ED018935FB1}.Release|Any CPU.ActiveCfg = Release|Any CPU
		{44A9B4D2-6D23-4D52-9119-9ED018935FB1}.Release|Any CPU.Build.0 = Release|Any CPU
		{FB7C8B79-E3EE-4E5B-AC79-E3DF754CD562}.Debug|Any CPU.ActiveCfg = Debug|Any CPU
		{FB7C8B79-E3EE-4E5B-AC79-E3DF754CD562}.Debug|Any CPU.Build.0 = Debug|Any CPU
		{FB7C8B79-E3EE-4E5B-AC79-E3DF754CD562}.Release|Any CPU.ActiveCfg = Release|Any CPU
		{FB7C8B79-E3EE-4E5B-AC79-E3DF754CD562}.Release|Any CPU.Build.0 = Release|Any CPU
	EndGlobalSection
	GlobalSection(SolutionProperties) = preSolution
		HideSolutionNode = FALSE
	EndGlobalSection
	GlobalSection(ExtensibilityGlobals) = postSolution
		SolutionGuid = {84AA9441-54D3-4FF9-9780-6A199E6E7345}
	EndGlobalSection
EndGlobal
